
Microsoft Visual Studio Solution File, Format Version 12.00
# Visual Studio 14
VisualStudioVersion = 14.0.25123.0
MinimumVisualStudioVersion = 10.0.40219.1
Project("{2150E333-8FDC-42A3-9474-1A3956D46DE8}") = "Chapter1", "Chapter1", "{959C49C9-107D-4453-A896-2EEBFA339D95}"
EndProject
Project("{8BC9CEB8-8B4A-11D0-8D11-00A0C91BC942}") = "1.1-UniqueChars", "Chapter1\1.1-UniqueChars\1.1-UniqueChars.vcxproj", "{CB8B8B30-DFB3-402F-8848-4CCAF2218CA3}"
EndProject
Project("{8BC9CEB8-8B4A-11D0-8D11-00A0C91BC942}") = "1.2-ReverseString", "Chapter1\1.2-ReverseString\1.2-ReverseString.vcxproj", "{F15FDD95-3328-4962-A6AA-283FA789E609}"
EndProject
Project("{8BC9CEB8-8B4A-11D0-8D11-00A0C91BC942}") = "1.3-CheckPermutation", "Chapter1\1.3-StringPermutation\1.3-StringPermutation.vcxproj", "{A033BF22-47DA-4954-9C08-B1491E7528B7}"
EndProject
Global
	GlobalSection(SolutionConfigurationPlatforms) = preSolution
		Debug|x64 = Debug|x64
		Debug|x86 = Debug|x86
		Release|x64 = Release|x64
		Release|x86 = Release|x86
	EndGlobalSection
	GlobalSection(ProjectConfigurationPlatforms) = postSolution
		{CB8B8B30-DFB3-402F-8848-4CCAF2218CA3}.Debug|x64.ActiveCfg = Debug|x64
		{CB8B8B30-DFB3-402F-8848-4CCAF2218CA3}.Debug|x64.Build.0 = Debug|x64
		{CB8B8B30-DFB3-402F-8848-4CCAF2218CA3}.Debug|x86.ActiveCfg = Debug|Win32
		{CB8B8B30-DFB3-402F-8848-4CCAF2218CA3}.Debug|x86.Build.0 = Debug|Win32
		{CB8B8B30-DFB3-402F-8848-4CCAF2218CA3}.Release|x64.ActiveCfg = Release|x64
		{CB8B8B30-DFB3-402F-8848-4CCAF2218CA3}.Release|x64.Build.0 = Release|x64
		{CB8B8B30-DFB3-402F-8848-4CCAF2218CA3}.Release|x86.ActiveCfg = Release|Win32
		{CB8B8B30-DFB3-402F-8848-4CCAF2218CA3}.Release|x86.Build.0 = Release|Win32
		{F15FDD95-3328-4962-A6AA-283FA789E609}.Debug|x64.ActiveCfg = Debug|x64
		{F15FDD95-3328-4962-A6AA-283FA789E609}.Debug|x64.Build.0 = Debug|x64
		{F15FDD95-3328-4962-A6AA-283FA789E609}.Debug|x86.ActiveCfg = Debug|Win32
		{F15FDD95-3328-4962-A6AA-283FA789E609}.Debug|x86.Build.0 = Debug|Win32
		{F15FDD95-3328-4962-A6AA-283FA789E609}.Release|x64.ActiveCfg = Release|x64
		{F15FDD95-3328-4962-A6AA-283FA789E609}.Release|x64.Build.0 = Release|x64
		{F15FDD95-3328-4962-A6AA-283FA789E609}.Release|x86.ActiveCfg = Release|Win32
		{F15FDD95-3328-4962-A6AA-283FA789E609}.Release|x86.Build.0 = Release|Win32
		{A033BF22-47DA-4954-9C08-B1491E7528B7}.Debug|x64.ActiveCfg = Debug|x64
		{A033BF22-47DA-4954-9C08-B1491E7528B7}.Debug|x64.Build.0 = Debug|x64
		{A033BF22-47DA-4954-9C08-B1491E7528B7}.Debug|x86.ActiveCfg = Debug|Win32
		{A033BF22-47DA-4954-9C08-B1491E7528B7}.Debug|x86.Build.0 = Debug|Win32
		{A033BF22-47DA-4954-9C08-B1491E7528B7}.Release|x64.ActiveCfg = Release|x64
		{A033BF22-47DA-4954-9C08-B1491E7528B7}.Release|x64.Build.0 = Release|x64
		{A033BF22-47DA-4954-9C08-B1491E7528B7}.Release|x86.ActiveCfg = Release|Win32
		{A033BF22-47DA-4954-9C08-B1491E7528B7}.Release|x86.Build.0 = Release|Win32
	EndGlobalSection
	GlobalSection(SolutionProperties) = preSolution
		HideSolutionNode = FALSE
	EndGlobalSection
	GlobalSection(NestedProjects) = preSolution
		{CB8B8B30-DFB3-402F-8848-4CCAF2218CA3} = {959C49C9-107D-4453-A896-2EEBFA339D95}
		{F15FDD95-3328-4962-A6AA-283FA789E609} = {959C49C9-107D-4453-A896-2EEBFA339D95}
		{A033BF22-47DA-4954-9C08-B1491E7528B7} = {959C49C9-107D-4453-A896-2EEBFA339D95}
	EndGlobalSection
EndGlobal
